// !$*UTF8*$!
{
	archiveVersion = 1;
	classes = {
	};
	objectVersion = 51;
	objects = {

/* Begin PBXBuildFile section */
		363DA8240CC1779E50DA0D9D /* Pods_GoodListTests.framework in Frameworks */ = {isa = PBXBuildFile; fileRef = 83D20970E3E9EE4DEA477139 /* Pods_GoodListTests.framework */; };
		3F4C827C6CECAF19628D5818 /* Pods_GoodList_GoodListUITests.framework in Frameworks */ = {isa = PBXBuildFile; fileRef = FC7D5DD505B3957C72F57052 /* Pods_GoodList_GoodListUITests.framework */; };
		B1596251115FD1C06E77F364 /* Pods_GoodList.framework in Frameworks */ = {isa = PBXBuildFile; fileRef = B367CC3A7FB1B5AB9DD23B10 /* Pods_GoodList.framework */; };
		D45C0E0524C49CD200C3C826 /* AppDelegate.swift in Sources */ = {isa = PBXBuildFile; fileRef = D45C0E0424C49CD200C3C826 /* AppDelegate.swift */; };
		D45C0E0724C49CD200C3C826 /* SceneDelegate.swift in Sources */ = {isa = PBXBuildFile; fileRef = D45C0E0624C49CD200C3C826 /* SceneDelegate.swift */; };
		D45C0E0924C49CD200C3C826 /* ViewController.swift in Sources */ = {isa = PBXBuildFile; fileRef = D45C0E0824C49CD200C3C826 /* ViewController.swift */; };
		D45C0E0C24C49CD200C3C826 /* Main.storyboard in Resources */ = {isa = PBXBuildFile; fileRef = D45C0E0A24C49CD200C3C826 /* Main.storyboard */; };
		D45C0E0F24C49CD200C3C826 /* GoodList.xcdatamodeld in Sources */ = {isa = PBXBuildFile; fileRef = D45C0E0D24C49CD200C3C826 /* GoodList.xcdatamodeld */; };
		D45C0E1124C49CD300C3C826 /* Assets.xcassets in Resources */ = {isa = PBXBuildFile; fileRef = D45C0E1024C49CD300C3C826 /* Assets.xcassets */; };
		D45C0E1424C49CD300C3C826 /* LaunchScreen.storyboard in Resources */ = {isa = PBXBuildFile; fileRef = D45C0E1224C49CD300C3C826 /* LaunchScreen.storyboard */; };
		D45C0E1F24C49CD300C3C826 /* GoodListTests.swift in Sources */ = {isa = PBXBuildFile; fileRef = D45C0E1E24C49CD300C3C826 /* GoodListTests.swift */; };
		D45C0E2A24C49CD300C3C826 /* GoodListUITests.swift in Sources */ = {isa = PBXBuildFile; fileRef = D45C0E2924C49CD300C3C826 /* GoodListUITests.swift */; };
		D45C0E3824C49F4700C3C826 /* TaskListViewController.swift in Sources */ = {isa = PBXBuildFile; fileRef = D45C0E3724C49F4700C3C826 /* TaskListViewController.swift */; };
		D45C0E3A24C49F5300C3C826 /* AddTaskViewController.swift in Sources */ = {isa = PBXBuildFile; fileRef = D45C0E3924C49F5300C3C826 /* AddTaskViewController.swift */; };
/* End PBXBuildFile section */

/* Begin PBXContainerItemProxy section */
		D45C0E1B24C49CD300C3C826 /* PBXContainerItemProxy */ = {
			isa = PBXContainerItemProxy;
			containerPortal = D45C0DF924C49CD200C3C826 /* Project object */;
			proxyType = 1;
			remoteGlobalIDString = D45C0E0024C49CD200C3C826;
			remoteInfo = GoodList;
		};
		D45C0E2624C49CD300C3C826 /* PBXContainerItemProxy */ = {
			isa = PBXContainerItemProxy;
			containerPortal = D45C0DF924C49CD200C3C826 /* Project object */;
			proxyType = 1;
			remoteGlobalIDString = D45C0E0024C49CD200C3C826;
			remoteInfo = GoodList;
		};
/* End PBXContainerItemProxy section */

/* Begin PBXFileReference section */
		18620843DE89A3C9616B921E /* Pods-GoodListTests.release.xcconfig */ = {isa = PBXFileReference; includeInIndex = 1; lastKnownFileType = text.xcconfig; name = "Pods-GoodListTests.release.xcconfig"; path = "Target Support Files/Pods-GoodListTests/Pods-GoodListTests.release.xcconfig"; sourceTree = "<group>"; };
		5C8C135AEDC58AB551210A32 /* Pods-GoodList-GoodListUITests.release.xcconfig */ = {isa = PBXFileReference; includeInIndex = 1; lastKnownFileType = text.xcconfig; name = "Pods-GoodList-GoodListUITests.release.xcconfig"; path = "Target Support Files/Pods-GoodList-GoodListUITests/Pods-GoodList-GoodListUITests.release.xcconfig"; sourceTree = "<group>"; };
		734869981F86F13142DCA5E5 /* Pods-GoodList-GoodListUITests.debug.xcconfig */ = {isa = PBXFileReference; includeInIndex = 1; lastKnownFileType = text.xcconfig; name = "Pods-GoodList-GoodListUITests.debug.xcconfig"; path = "Target Support Files/Pods-GoodList-GoodListUITests/Pods-GoodList-GoodListUITests.debug.xcconfig"; sourceTree = "<group>"; };
		83D20970E3E9EE4DEA477139 /* Pods_GoodListTests.framework */ = {isa = PBXFileReference; explicitFileType = wrapper.framework; includeInIndex = 0; path = Pods_GoodListTests.framework; sourceTree = BUILT_PRODUCTS_DIR; };
		983033C3AFFD2454F4D8B1C2 /* Pods-GoodList.debug.xcconfig */ = {isa = PBXFileReference; includeInIndex = 1; lastKnownFileType = text.xcconfig; name = "Pods-GoodList.debug.xcconfig"; path = "Target Support Files/Pods-GoodList/Pods-GoodList.debug.xcconfig"; sourceTree = "<group>"; };
		B367CC3A7FB1B5AB9DD23B10 /* Pods_GoodList.framework */ = {isa = PBXFileReference; explicitFileType = wrapper.framework; includeInIndex = 0; path = Pods_GoodList.framework; sourceTree = BUILT_PRODUCTS_DIR; };
		D45C0E0124C49CD200C3C826 /* GoodList.app */ = {isa = PBXFileReference; explicitFileType = wrapper.application; includeInIndex = 0; path = GoodList.app; sourceTree = BUILT_PRODUCTS_DIR; };
		D45C0E0424C49CD200C3C826 /* AppDelegate.swift */ = {isa = PBXFileReference; lastKnownFileType = sourcecode.swift; path = AppDelegate.swift; sourceTree = "<group>"; };
		D45C0E0624C49CD200C3C826 /* SceneDelegate.swift */ = {isa = PBXFileReference; lastKnownFileType = sourcecode.swift; path = SceneDelegate.swift; sourceTree = "<group>"; };
		D45C0E0824C49CD200C3C826 /* ViewController.swift */ = {isa = PBXFileReference; lastKnownFileType = sourcecode.swift; path = ViewController.swift; sourceTree = "<group>"; };
		D45C0E0B24C49CD200C3C826 /* Base */ = {isa = PBXFileReference; lastKnownFileType = file.storyboard; name = Base; path = Base.lproj/Main.storyboard; sourceTree = "<group>"; };
		D45C0E0E24C49CD200C3C826 /* GoodList.xcdatamodel */ = {isa = PBXFileReference; lastKnownFileType = wrapper.xcdatamodel; path = GoodList.xcdatamodel; sourceTree = "<group>"; };
		D45C0E1024C49CD300C3C826 /* Assets.xcassets */ = {isa = PBXFileReference; lastKnownFileType = folder.assetcatalog; path = Assets.xcassets; sourceTree = "<group>"; };
		D45C0E1324C49CD300C3C826 /* Base */ = {isa = PBXFileReference; lastKnownFileType = file.storyboard; name = Base; path = Base.lproj/LaunchScreen.storyboard; sourceTree = "<group>"; };
		D45C0E1524C49CD300C3C826 /* Info.plist */ = {isa = PBXFileReference; lastKnownFileType = text.plist.xml; path = Info.plist; sourceTree = "<group>"; };
		D45C0E1A24C49CD300C3C826 /* GoodListTests.xctest */ = {isa = PBXFileReference; explicitFileType = wrapper.cfbundle; includeInIndex = 0; path = GoodListTests.xctest; sourceTree = BUILT_PRODUCTS_DIR; };
		D45C0E1E24C49CD300C3C826 /* GoodListTests.swift */ = {isa = PBXFileReference; lastKnownFileType = sourcecode.swift; path = GoodListTests.swift; sourceTree = "<group>"; };
		D45C0E2024C49CD300C3C826 /* Info.plist */ = {isa = PBXFileReference; lastKnownFileType = text.plist.xml; path = Info.plist; sourceTree = "<group>"; };
		D45C0E2524C49CD300C3C826 /* GoodListUITests.xctest */ = {isa = PBXFileReference; explicitFileType = wrapper.cfbundle; includeInIndex = 0; path = GoodListUITests.xctest; sourceTree = BUILT_PRODUCTS_DIR; };
		D45C0E2924C49CD300C3C826 /* GoodListUITests.swift */ = {isa = PBXFileReference; lastKnownFileType = sourcecode.swift; path = GoodListUITests.swift; sourceTree = "<group>"; };
		D45C0E2B24C49CD300C3C826 /* Info.plist */ = {isa = PBXFileReference; lastKnownFileType = text.plist.xml; path = Info.plist; sourceTree = "<group>"; };
		D45C0E3724C49F4700C3C826 /* TaskListViewController.swift */ = {isa = PBXFileReference; lastKnownFileType = sourcecode.swift; path = TaskListViewController.swift; sourceTree = "<group>"; };
		D45C0E3924C49F5300C3C826 /* AddTaskViewController.swift */ = {isa = PBXFileReference; lastKnownFileType = sourcecode.swift; path = AddTaskViewController.swift; sourceTree = "<group>"; };
		EB41C1F7F6E4DCFE626C26DC /* Pods-GoodListTests.debug.xcconfig */ = {isa = PBXFileReference; includeInIndex = 1; lastKnownFileType = text.xcconfig; name = "Pods-GoodListTests.debug.xcconfig"; path = "Target Support Files/Pods-GoodListTests/Pods-GoodListTests.debug.xcconfig"; sourceTree = "<group>"; };
		FC7D5DD505B3957C72F57052 /* Pods_GoodList_GoodListUITests.framework */ = {isa = PBXFileReference; explicitFileType = wrapper.framework; includeInIndex = 0; path = Pods_GoodList_GoodListUITests.framework; sourceTree = BUILT_PRODUCTS_DIR; };
		FEACFBB7BC240DAABEF84A95 /* Pods-GoodList.release.xcconfig */ = {isa = PBXFileReference; includeInIndex = 1; lastKnownFileType = text.xcconfig; name = "Pods-GoodList.release.xcconfig"; path = "Target Support Files/Pods-GoodList/Pods-GoodList.release.xcconfig"; sourceTree = "<group>"; };
/* End PBXFileReference section */

/* Begin PBXFrameworksBuildPhase section */
		D45C0DFE24C49CD200C3C826 /* Frameworks */ = {
			isa = PBXFrameworksBuildPhase;
			buildActionMask = 2147483647;
			files = (
				B1596251115FD1C06E77F364 /* Pods_GoodList.framework in Frameworks */,
			);
			runOnlyForDeploymentPostprocessing = 0;
		};
		D45C0E1724C49CD300C3C826 /* Frameworks */ = {
			isa = PBXFrameworksBuildPhase;
			buildActionMask = 2147483647;
			files = (
				363DA8240CC1779E50DA0D9D /* Pods_GoodListTests.framework in Frameworks */,
			);
			runOnlyForDeploymentPostprocessing = 0;
		};
		D45C0E2224C49CD300C3C826 /* Frameworks */ = {
			isa = PBXFrameworksBuildPhase;
			buildActionMask = 2147483647;
			files = (
				3F4C827C6CECAF19628D5818 /* Pods_GoodList_GoodListUITests.framework in Frameworks */,
			);
			runOnlyForDeploymentPostprocessing = 0;
		};
/* End PBXFrameworksBuildPhase section */

/* Begin PBXGroup section */
		D45C0DF824C49CD200C3C826 = {
			isa = PBXGroup;
			children = (
				D45C0E0324C49CD200C3C826 /* GoodList */,
				D45C0E1D24C49CD300C3C826 /* GoodListTests */,
				D45C0E2824C49CD300C3C826 /* GoodListUITests */,
				D45C0E0224C49CD200C3C826 /* Products */,
				D83D39004D9F638D9F706548 /* Pods */,
				E9075BF7B4D2B65AF3F43301 /* Frameworks */,
			);
			sourceTree = "<group>";
		};
		D45C0E0224C49CD200C3C826 /* Products */ = {
			isa = PBXGroup;
			children = (
				D45C0E0124C49CD200C3C826 /* GoodList.app */,
				D45C0E1A24C49CD300C3C826 /* GoodListTests.xctest */,
				D45C0E2524C49CD300C3C826 /* GoodListUITests.xctest */,
			);
			name = Products;
			sourceTree = "<group>";
		};
		D45C0E0324C49CD200C3C826 /* GoodList */ = {
			isa = PBXGroup;
			children = (
				D45C0E0424C49CD200C3C826 /* AppDelegate.swift */,
				D45C0E0624C49CD200C3C826 /* SceneDelegate.swift */,
				D45C0E0824C49CD200C3C826 /* ViewController.swift */,
				D45C0E0A24C49CD200C3C826 /* Main.storyboard */,
				D45C0E1024C49CD300C3C826 /* Assets.xcassets */,
				D45C0E1224C49CD300C3C826 /* LaunchScreen.storyboard */,
				D45C0E1524C49CD300C3C826 /* Info.plist */,
				D45C0E0D24C49CD200C3C826 /* GoodList.xcdatamodeld */,
				D45C0E3724C49F4700C3C826 /* TaskListViewController.swift */,
				D45C0E3924C49F5300C3C826 /* AddTaskViewController.swift */,
			);
			path = GoodList;
			sourceTree = "<group>";
		};
		D45C0E1D24C49CD300C3C826 /* GoodListTests */ = {
			isa = PBXGroup;
			children = (
				D45C0E1E24C49CD300C3C826 /* GoodListTests.swift */,
				D45C0E2024C49CD300C3C826 /* Info.plist */,
			);
			path = GoodListTests;
			sourceTree = "<group>";
		};
		D45C0E2824C49CD300C3C826 /* GoodListUITests */ = {
			isa = PBXGroup;
			children = (
				D45C0E2924C49CD300C3C826 /* GoodListUITests.swift */,
				D45C0E2B24C49CD300C3C826 /* Info.plist */,
			);
			path = GoodListUITests;
			sourceTree = "<group>";
		};
		D83D39004D9F638D9F706548 /* Pods */ = {
			isa = PBXGroup;
			children = (
				983033C3AFFD2454F4D8B1C2 /* Pods-GoodList.debug.xcconfig */,
				FEACFBB7BC240DAABEF84A95 /* Pods-GoodList.release.xcconfig */,
				734869981F86F13142DCA5E5 /* Pods-GoodList-GoodListUITests.debug.xcconfig */,
				5C8C135AEDC58AB551210A32 /* Pods-GoodList-GoodListUITests.release.xcconfig */,
				EB41C1F7F6E4DCFE626C26DC /* Pods-GoodListTests.debug.xcconfig */,
				18620843DE89A3C9616B921E /* Pods-GoodListTests.release.xcconfig */,
			);
			path = Pods;
			sourceTree = "<group>";
		};
		E9075BF7B4D2B65AF3F43301 /* Frameworks */ = {
			isa = PBXGroup;
			children = (
				B367CC3A7FB1B5AB9DD23B10 /* Pods_GoodList.framework */,
				FC7D5DD505B3957C72F57052 /* Pods_GoodList_GoodListUITests.framework */,
				83D20970E3E9EE4DEA477139 /* Pods_GoodListTests.framework */,
			);
			name = Frameworks;
			sourceTree = "<group>";
		};
/* End PBXGroup section */

/* Begin PBXNativeTarget section */
		D45C0E0024C49CD200C3C826 /* GoodList */ = {
			isa = PBXNativeTarget;
			buildConfigurationList = D45C0E2E24C49CD300C3C826 /* Build configuration list for PBXNativeTarget "GoodList" */;
			buildPhases = (
				04A0F0B9A2A1F68280BD6C1B /* [CP] Check Pods Manifest.lock */,
				D45C0DFD24C49CD200C3C826 /* Sources */,
				D45C0DFE24C49CD200C3C826 /* Frameworks */,
				D45C0DFF24C49CD200C3C826 /* Resources */,
				59111C47813E36625B41829F /* [CP] Embed Pods Frameworks */,
			);
			buildRules = (
			);
			dependencies = (
			);
			name = GoodList;
			productName = GoodList;
			productReference = D45C0E0124C49CD200C3C826 /* GoodList.app */;
			productType = "com.apple.product-type.application";
		};
		D45C0E1924C49CD300C3C826 /* GoodListTests */ = {
			isa = PBXNativeTarget;
			buildConfigurationList = D45C0E3124C49CD300C3C826 /* Build configuration list for PBXNativeTarget "GoodListTests" */;
			buildPhases = (
				00FBCB816F1B734B3EE28948 /* [CP] Check Pods Manifest.lock */,
				D45C0E1624C49CD300C3C826 /* Sources */,
				D45C0E1724C49CD300C3C826 /* Frameworks */,
				D45C0E1824C49CD300C3C826 /* Resources */,
			);
			buildRules = (
			);
			dependencies = (
				D45C0E1C24C49CD300C3C826 /* PBXTargetDependency */,
			);
			name = GoodListTests;
			productName = GoodListTests;
			productReference = D45C0E1A24C49CD300C3C826 /* GoodListTests.xctest */;
			productType = "com.apple.product-type.bundle.unit-test";
		};
		D45C0E2424C49CD300C3C826 /* GoodListUITests */ = {
			isa = PBXNativeTarget;
			buildConfigurationList = D45C0E3424C49CD300C3C826 /* Build configuration list for PBXNativeTarget "GoodListUITests" */;
			buildPhases = (
				A38B462A2424FE9FBD99CE4A /* [CP] Check Pods Manifest.lock */,
				D45C0E2124C49CD300C3C826 /* Sources */,
				D45C0E2224C49CD300C3C826 /* Frameworks */,
				D45C0E2324C49CD300C3C826 /* Resources */,
				C644343B5D7D9152C4ACB3B7 /* [CP] Embed Pods Frameworks */,
			);
			buildRules = (
			);
			dependencies = (
				D45C0E2724C49CD300C3C826 /* PBXTargetDependency */,
			);
			name = GoodListUITests;
			productName = GoodListUITests;
			productReference = D45C0E2524C49CD300C3C826 /* GoodListUITests.xctest */;
			productType = "com.apple.product-type.bundle.ui-testing";
		};
/* End PBXNativeTarget section */

/* Begin PBXProject section */
		D45C0DF924C49CD200C3C826 /* Project object */ = {
			isa = PBXProject;
			attributes = {
				LastSwiftUpdateCheck = 1150;
				LastUpgradeCheck = 1150;
				ORGANIZATIONNAME = MAHIMA;
				TargetAttributes = {
					D45C0E0024C49CD200C3C826 = {
						CreatedOnToolsVersion = 11.5;
					};
					D45C0E1924C49CD300C3C826 = {
						CreatedOnToolsVersion = 11.5;
						TestTargetID = D45C0E0024C49CD200C3C826;
					};
					D45C0E2424C49CD300C3C826 = {
						CreatedOnToolsVersion = 11.5;
						TestTargetID = D45C0E0024C49CD200C3C826;
					};
				};
			};
			buildConfigurationList = D45C0DFC24C49CD200C3C826 /* Build configuration list for PBXProject "GoodList" */;
			compatibilityVersion = "Xcode 9.3";
			developmentRegion = en;
			hasScannedForEncodings = 0;
			knownRegions = (
				en,
				Base,
			);
			mainGroup = D45C0DF824C49CD200C3C826;
			productRefGroup = D45C0E0224C49CD200C3C826 /* Products */;
			projectDirPath = "";
			projectRoot = "";
			targets = (
				D45C0E0024C49CD200C3C826 /* GoodList */,
				D45C0E1924C49CD300C3C826 /* GoodListTests */,
				D45C0E2424C49CD300C3C826 /* GoodListUITests */,
			);
		};
/* End PBXProject section */

/* Begin PBXResourcesBuildPhase section */
		D45C0DFF24C49CD200C3C826 /* Resources */ = {
			isa = PBXResourcesBuildPhase;
			buildActionMask = 2147483647;
			files = (
				D45C0E1424C49CD300C3C826 /* LaunchScreen.storyboard in Resources */,
				D45C0E1124C49CD300C3C826 /* Assets.xcassets in Resources */,
				D45C0E0C24C49CD200C3C826 /* Main.storyboard in Resources */,
			);
			runOnlyForDeploymentPostprocessing = 0;
		};
		D45C0E1824C49CD300C3C826 /* Resources */ = {
			isa = PBXResourcesBuildPhase;
			buildActionMask = 2147483647;
			files = (
			);
			runOnlyForDeploymentPostprocessing = 0;
		};
		D45C0E2324C49CD300C3C826 /* Resources */ = {
			isa = PBXResourcesBuildPhase;
			buildActionMask = 2147483647;
			files = (
			);
			runOnlyForDeploymentPostprocessing = 0;
		};
/* End PBXResourcesBuildPhase section */

/* Begin PBXShellScriptBuildPhase section */
		00FBCB816F1B734B3EE28948 /* [CP] Check Pods Manifest.lock */ = {
			isa = PBXShellScriptBuildPhase;
			buildActionMask = 2147483647;
			files = (
			);
			inputFileListPaths = (
			);
			inputPaths = (
				"${PODS_PODFILE_DIR_PATH}/Podfile.lock",
				"${PODS_ROOT}/Manifest.lock",
			);
			name = "[CP] Check Pods Manifest.lock";
			outputFileListPaths = (
			);
			outputPaths = (
				"$(DERIVED_FILE_DIR)/Pods-GoodListTests-checkManifestLockResult.txt",
			);
			runOnlyForDeploymentPostprocessing = 0;
			shellPath = /bin/sh;
			shellScript = "diff \"${PODS_PODFILE_DIR_PATH}/Podfile.lock\" \"${PODS_ROOT}/Manifest.lock\" > /dev/null\nif [ $? != 0 ] ; then\n    # print error to STDERR\n    echo \"error: The sandbox is not in sync with the Podfile.lock. Run 'pod install' or update your CocoaPods installation.\" >&2\n    exit 1\nfi\n# This output is used by Xcode 'outputs' to avoid re-running this script phase.\necho \"SUCCESS\" > \"${SCRIPT_OUTPUT_FILE_0}\"\n";
			showEnvVarsInLog = 0;
		};
		04A0F0B9A2A1F68280BD6C1B /* [CP] Check Pods Manifest.lock */ = {
			isa = PBXShellScriptBuildPhase;
			buildActionMask = 2147483647;
			files = (
			);
			inputFileListPaths = (
			);
			inputPaths = (
				"${PODS_PODFILE_DIR_PATH}/Podfile.lock",
				"${PODS_ROOT}/Manifest.lock",
			);
			name = "[CP] Check Pods Manifest.lock";
			outputFileListPaths = (
			);
			outputPaths = (
				"$(DERIVED_FILE_DIR)/Pods-GoodList-checkManifestLockResult.txt",
			);
			runOnlyForDeploymentPostprocessing = 0;
			shellPath = /bin/sh;
			shellScript = "diff \"${PODS_PODFILE_DIR_PATH}/Podfile.lock\" \"${PODS_ROOT}/Manifest.lock\" > /dev/null\nif [ $? != 0 ] ; then\n    # print error to STDERR\n    echo \"error: The sandbox is not in sync with the Podfile.lock. Run 'pod install' or update your CocoaPods installation.\" >&2\n    exit 1\nfi\n# This output is used by Xcode 'outputs' to avoid re-running this script phase.\necho \"SUCCESS\" > \"${SCRIPT_OUTPUT_FILE_0}\"\n";
			showEnvVarsInLog = 0;
		};
		59111C47813E36625B41829F /* [CP] Embed Pods Frameworks */ = {
			isa = PBXShellScriptBuildPhase;
			buildActionMask = 2147483647;
			files = (
			);
			inputFileListPaths = (
				"${PODS_ROOT}/Target Support Files/Pods-GoodList/Pods-GoodList-frameworks-${CONFIGURATION}-input-files.xcfilelist",
			);
			name = "[CP] Embed Pods Frameworks";
			outputFileListPaths = (
				"${PODS_ROOT}/Target Support Files/Pods-GoodList/Pods-GoodList-frameworks-${CONFIGURATION}-output-files.xcfilelist",
			);
			runOnlyForDeploymentPostprocessing = 0;
			shellPath = /bin/sh;
			shellScript = "\"${PODS_ROOT}/Target Support Files/Pods-GoodList/Pods-GoodList-frameworks.sh\"\n";
			showEnvVarsInLog = 0;
		};
		A38B462A2424FE9FBD99CE4A /* [CP] Check Pods Manifest.lock */ = {
			isa = PBXShellScriptBuildPhase;
			buildActionMask = 2147483647;
			files = (
			);
			inputFileListPaths = (
			);
			inputPaths = (
				"${PODS_PODFILE_DIR_PATH}/Podfile.lock",
				"${PODS_ROOT}/Manifest.lock",
			);
			name = "[CP] Check Pods Manifest.lock";
			outputFileListPaths = (
			);
			outputPaths = (
				"$(DERIVED_FILE_DIR)/Pods-GoodList-GoodListUITests-checkManifestLockResult.txt",
			);
			runOnlyForDeploymentPostprocessing = 0;
			shellPath = /bin/sh;
			shellScript = "diff \"${PODS_PODFILE_DIR_PATH}/Podfile.lock\" \"${PODS_ROOT}/Manifest.lock\" > /dev/null\nif [ $? != 0 ] ; then\n    # print error to STDERR\n    echo \"error: The sandbox is not in sync with the Podfile.lock. Run 'pod install' or update your CocoaPods installation.\" >&2\n    exit 1\nfi\n# This output is used by Xcode 'outputs' to avoid re-running this script phase.\necho \"SUCCESS\" > \"${SCRIPT_OUTPUT_FILE_0}\"\n";
			showEnvVarsInLog = 0;
		};
		C644343B5D7D9152C4ACB3B7 /* [CP] Embed Pods Frameworks */ = {
			isa = PBXShellScriptBuildPhase;
			buildActionMask = 2147483647;
			files = (
			);
			inputFileListPaths = (
				"${PODS_ROOT}/Target Support Files/Pods-GoodList-GoodListUITests/Pods-GoodList-GoodListUITests-frameworks-${CONFIGURATION}-input-files.xcfilelist",
			);
			name = "[CP] Embed Pods Frameworks";
			outputFileListPaths = (
				"${PODS_ROOT}/Target Support Files/Pods-GoodList-GoodListUITests/Pods-GoodList-GoodListUITests-frameworks-${CONFIGURATION}-output-files.xcfilelist",
			);
			runOnlyForDeploymentPostprocessing = 0;
			shellPath = /bin/sh;
			shellScript = "\"${PODS_ROOT}/Target Support Files/Pods-GoodList-GoodListUITests/Pods-GoodList-GoodListUITests-frameworks.sh\"\n";
			showEnvVarsInLog = 0;
		};
/* End PBXShellScriptBuildPhase section */

/* Begin PBXSourcesBuildPhase section */
		D45C0DFD24C49CD200C3C826 /* Sources */ = {
			isa = PBXSourcesBuildPhase;
			buildActionMask = 2147483647;
			files = (
				D45C0E0924C49CD200C3C826 /* ViewController.swift in Sources */,
				D45C0E3A24C49F5300C3C826 /* AddTaskViewController.swift in Sources */,
				D45C0E0524C49CD200C3C826 /* AppDelegate.swift in Sources */,
				D45C0E0F24C49CD200C3C826 /* GoodList.xcdatamodeld in Sources */,
				D45C0E0724C49CD200C3C826 /* SceneDelegate.swift in Sources */,
				D45C0E3824C49F4700C3C826 /* TaskListViewController.swift in Sources */,
			);
			runOnlyForDeploymentPostprocessing = 0;
		};
		D45C0E1624C49CD300C3C826 /* Sources */ = {
			isa = PBXSourcesBuildPhase;
			buildActionMask = 2147483647;
			files = (
				D45C0E1F24C49CD300C3C826 /* GoodListTests.swift in Sources */,
			);
			runOnlyForDeploymentPostprocessing = 0;
		};
		D45C0E2124C49CD300C3C826 /* Sources */ = {
			isa = PBXSourcesBuildPhase;
			buildActionMask = 2147483647;
			files = (
				D45C0E2A24C49CD300C3C826 /* GoodListUITests.swift in Sources */,
			);
			runOnlyForDeploymentPostprocessing = 0;
		};
/* End PBXSourcesBuildPhase section */

/* Begin PBXTargetDependency section */
		D45C0E1C24C49CD300C3C826 /* PBXTargetDependency */ = {
			isa = PBXTargetDependency;
			target = D45C0E0024C49CD200C3C826 /* GoodList */;
			targetProxy = D45C0E1B24C49CD300C3C826 /* PBXContainerItemProxy */;
		};
		D45C0E2724C49CD300C3C826 /* PBXTargetDependency */ = {
			isa = PBXTargetDependency;
			target = D45C0E0024C49CD200C3C826 /* GoodList */;
			targetProxy = D45C0E2624C49CD300C3C826 /* PBXContainerItemProxy */;
		};
/* End PBXTargetDependency section */

/* Begin PBXVariantGroup section */
		D45C0E0A24C49CD200C3C826 /* Main.storyboard */ = {
			isa = PBXVariantGroup;
			children = (
				D45C0E0B24C49CD200C3C826 /* Base */,
			);
			name = Main.storyboard;
			sourceTree = "<group>";
		};
		D45C0E1224C49CD300C3C826 /* LaunchScreen.storyboard */ = {
			isa = PBXVariantGroup;
			children = (
				D45C0E1324C49CD300C3C826 /* Base */,
			);
			name = LaunchScreen.storyboard;
			sourceTree = "<group>";
		};
/* End PBXVariantGroup section */

/* Begin XCBuildConfiguration section */
		D45C0E2C24C49CD300C3C826 /* Debug */ = {
			isa = XCBuildConfiguration;
			buildSettings = {
				ALWAYS_SEARCH_USER_PATHS = NO;
				CLANG_ANALYZER_NONNULL = YES;
				CLANG_ANALYZER_NUMBER_OBJECT_CONVERSION = YES_AGGRESSIVE;
				CLANG_CXX_LANGUAGE_STANDARD = "gnu++14";
				CLANG_CXX_LIBRARY = "libc++";
				CLANG_ENABLE_MODULES = YES;
				CLANG_ENABLE_OBJC_ARC = YES;
				CLANG_ENABLE_OBJC_WEAK = YES;
				CLANG_WARN_BLOCK_CAPTURE_AUTORELEASING = YES;
				CLANG_WARN_BOOL_CONVERSION = YES;
				CLANG_WARN_COMMA = YES;
				CLANG_WARN_CONSTANT_CONVERSION = YES;
				CLANG_WARN_DEPRECATED_OBJC_IMPLEMENTATIONS = YES;
				CLANG_WARN_DIRECT_OBJC_ISA_USAGE = YES_ERROR;
				CLANG_WARN_DOCUMENTATION_COMMENTS = YES;
				CLANG_WARN_EMPTY_BODY = YES;
				CLANG_WARN_ENUM_CONVERSION = YES;
				CLANG_WARN_INFINITE_RECURSION = YES;
				CLANG_WARN_INT_CONVERSION = YES;
				CLANG_WARN_NON_LITERAL_NULL_CONVERSION = YES;
				CLANG_WARN_OBJC_IMPLICIT_RETAIN_SELF = YES;
				CLANG_WARN_OBJC_LITERAL_CONVERSION = YES;
				CLANG_WARN_OBJC_ROOT_CLASS = YES_ERROR;
				CLANG_WARN_RANGE_LOOP_ANALYSIS = YES;
				CLANG_WARN_STRICT_PROTOTYPES = YES;
				CLANG_WARN_SUSPICIOUS_MOVE = YES;
				CLANG_WARN_UNGUARDED_AVAILABILITY = YES_AGGRESSIVE;
				CLANG_WARN_UNREACHABLE_CODE = YES;
				CLANG_WARN__DUPLICATE_METHOD_MATCH = YES;
				COPY_PHASE_STRIP = NO;
				DEBUG_INFORMATION_FORMAT = dwarf;
				ENABLE_STRICT_OBJC_MSGSEND = YES;
				ENABLE_TESTABILITY = YES;
				GCC_C_LANGUAGE_STANDARD = gnu11;
				GCC_DYNAMIC_NO_PIC = NO;
				GCC_NO_COMMON_BLOCKS = YES;
				GCC_OPTIMIZATION_LEVEL = 0;
				GCC_PREPROCESSOR_DEFINITIONS = (
					"DEBUG=1",
					"$(inherited)",
				);
				GCC_WARN_64_TO_32_BIT_CONVERSION = YES;
				GCC_WARN_ABOUT_RETURN_TYPE = YES_ERROR;
				GCC_WARN_UNDECLARED_SELECTOR = YES;
				GCC_WARN_UNINITIALIZED_AUTOS = YES_AGGRESSIVE;
				GCC_WARN_UNUSED_FUNCTION = YES;
				GCC_WARN_UNUSED_VARIABLE = YES;
				IPHONEOS_DEPLOYMENT_TARGET = 13.5;
				MTL_ENABLE_DEBUG_INFO = INCLUDE_SOURCE;
				MTL_FAST_MATH = YES;
				ONLY_ACTIVE_ARCH = YES;
				SDKROOT = iphoneos;
				SWIFT_ACTIVE_COMPILATION_CONDITIONS = DEBUG;
				SWIFT_OPTIMIZATION_LEVEL = "-Onone";
			};
			name = Debug;
		};
		D45C0E2D24C49CD300C3C826 /* Release */ = {
			isa = XCBuildConfiguration;
			buildSettings = {
				ALWAYS_SEARCH_USER_PATHS = NO;
				CLANG_ANALYZER_NONNULL = YES;
				CLANG_ANALYZER_NUMBER_OBJECT_CONVERSION = YES_AGGRESSIVE;
				CLANG_CXX_LANGUAGE_STANDARD = "gnu++14";
				CLANG_CXX_LIBRARY = "libc++";
				CLANG_ENABLE_MODULES = YES;
				CLANG_ENABLE_OBJC_ARC = YES;
				CLANG_ENABLE_OBJC_WEAK = YES;
				CLANG_WARN_BLOCK_CAPTURE_AUTORELEASING = YES;
				CLANG_WARN_BOOL_CONVERSION = YES;
				CLANG_WARN_COMMA = YES;
				CLANG_WARN_CONSTANT_CONVERSION = YES;
				CLANG_WARN_DEPRECATED_OBJC_IMPLEMENTATIONS = YES;
				CLANG_WARN_DIRECT_OBJC_ISA_USAGE = YES_ERROR;
				CLANG_WARN_DOCUMENTATION_COMMENTS = YES;
				CLANG_WARN_EMPTY_BODY = YES;
				CLANG_WARN_ENUM_CONVERSION = YES;
				CLANG_WARN_INFINITE_RECURSION = YES;
				CLANG_WARN_INT_CONVERSION = YES;
				CLANG_WARN_NON_LITERAL_NULL_CONVERSION = YES;
				CLANG_WARN_OBJC_IMPLICIT_RETAIN_SELF = YES;
				CLANG_WARN_OBJC_LITERAL_CONVERSION = YES;
				CLANG_WARN_OBJC_ROOT_CLASS = YES_ERROR;
				CLANG_WARN_RANGE_LOOP_ANALYSIS = YES;
				CLANG_WARN_STRICT_PROTOTYPES = YES;
				CLANG_WARN_SUSPICIOUS_MOVE = YES;
				CLANG_WARN_UNGUARDED_AVAILABILITY = YES_AGGRESSIVE;
				CLANG_WARN_UNREACHABLE_CODE = YES;
				CLANG_WARN__DUPLICATE_METHOD_MATCH = YES;
				COPY_PHASE_STRIP = NO;
				DEBUG_INFORMATION_FORMAT = "dwarf-with-dsym";
				ENABLE_NS_ASSERTIONS = NO;
				ENABLE_STRICT_OBJC_MSGSEND = YES;
				GCC_C_LANGUAGE_STANDARD = gnu11;
				GCC_NO_COMMON_BLOCKS = YES;
				GCC_WARN_64_TO_32_BIT_CONVERSION = YES;
				GCC_WARN_ABOUT_RETURN_TYPE = YES_ERROR;
				GCC_WARN_UNDECLARED_SELECTOR = YES;
				GCC_WARN_UNINITIALIZED_AUTOS = YES_AGGRESSIVE;
				GCC_WARN_UNUSED_FUNCTION = YES;
				GCC_WARN_UNUSED_VARIABLE = YES;
				IPHONEOS_DEPLOYMENT_TARGET = 13.5;
				MTL_ENABLE_DEBUG_INFO = NO;
				MTL_FAST_MATH = YES;
				SDKROOT = iphoneos;
				SWIFT_COMPILATION_MODE = wholemodule;
				SWIFT_OPTIMIZATION_LEVEL = "-O";
				VALIDATE_PRODUCT = YES;
			};
			name = Release;
		};
		D45C0E2F24C49CD300C3C826 /* Debug */ = {
			isa = XCBuildConfiguration;
			baseConfigurationReference = 983033C3AFFD2454F4D8B1C2 /* Pods-GoodList.debug.xcconfig */;
			buildSettings = {
				ASSETCATALOG_COMPILER_APPICON_NAME = AppIcon;
				CODE_SIGN_STYLE = Automatic;
				INFOPLIST_FILE = GoodList/Info.plist;
				LD_RUNPATH_SEARCH_PATHS = (
					"$(inherited)",
					"@executable_path/Frameworks",
				);
				PRODUCT_BUNDLE_IDENTIFIER = com.mahima.GoodList;
				PRODUCT_NAME = "$(TARGET_NAME)";
				SWIFT_VERSION = 5.0;
				TARGETED_DEVICE_FAMILY = "1,2";
			};
			name = Debug;
		};
		D45C0E3024C49CD300C3C826 /* Release */ = {
			isa = XCBuildConfiguration;
			baseConfigurationReference = FEACFBB7BC240DAABEF84A95 /* Pods-GoodList.release.xcconfig */;
			buildSettings = {
				ASSETCATALOG_COMPILER_APPICON_NAME = AppIcon;
				CODE_SIGN_STYLE = Automatic;
				INFOPLIST_FILE = GoodList/Info.plist;
				LD_RUNPATH_SEARCH_PATHS = (
					"$(inherited)",
					"@executable_path/Frameworks",
				);
				PRODUCT_BUNDLE_IDENTIFIER = com.mahima.GoodList;
				PRODUCT_NAME = "$(TARGET_NAME)";
				SWIFT_VERSION = 5.0;
				TARGETED_DEVICE_FAMILY = "1,2";
			};
			name = Release;
		};
		D45C0E3224C49CD300C3C826 /* Debug */ = {
			isa = XCBuildConfiguration;
			baseConfigurationReference = EB41C1F7F6E4DCFE626C26DC /* Pods-GoodListTests.debug.xcconfig */;
			buildSettings = {
				ALWAYS_EMBED_SWIFT_STANDARD_LIBRARIES = YES;
				BUNDLE_LOADER = "$(TEST_HOST)";
				CODE_SIGN_STYLE = Automatic;
				INFOPLIST_FILE = GoodListTests/Info.plist;
				IPHONEOS_DEPLOYMENT_TARGET = 13.5;
				LD_RUNPATH_SEARCH_PATHS = (
					"$(inherited)",
					"@executable_path/Frameworks",
					"@loader_path/Frameworks",
				);
				PRODUCT_BUNDLE_IDENTIFIER = com.mahima.GoodListTests;
				PRODUCT_NAME = "$(TARGET_NAME)";
				SWIFT_VERSION = 5.0;
				TARGETED_DEVICE_FAMILY = "1,2";
				TEST_HOST = "$(BUILT_PRODUCTS_DIR)/GoodList.app/GoodList";
			};
			name = Debug;
		};
		D45C0E3324C49CD300C3C826 /* Release */ = {
			isa = XCBuildConfiguration;
			baseConfigurationReference = 18620843DE89A3C9616B921E /* Pods-GoodListTests.release.xcconfig */;
			buildSettings = {
				ALWAYS_EMBED_SWIFT_STANDARD_LIBRARIES = YES;
				BUNDLE_LOADER = "$(TEST_HOST)";
				CODE_SIGN_STYLE = Automatic;
				INFOPLIST_FILE = GoodListTests/Info.plist;
				IPHONEOS_DEPLOYMENT_TARGET = 13.5;
				LD_RUNPATH_SEARCH_PATHS = (
					"$(inherited)",
					"@executable_path/Frameworks",
					"@loader_path/Frameworks",
				);
				PRODUCT_BUNDLE_IDENTIFIER = com.mahima.GoodListTests;
				PRODUCT_NAME = "$(TARGET_NAME)";
				SWIFT_VERSION = 5.0;
				TARGETED_DEVICE_FAMILY = "1,2";
				TEST_HOST = "$(BUILT_PRODUCTS_DIR)/GoodList.app/GoodList";
			};
			name = Release;
		};
		D45C0E3524C49CD300C3C826 /* Debug */ = {
			isa = XCBuildConfiguration;
			baseConfigurationReference = 734869981F86F13142DCA5E5 /* Pods-GoodList-GoodListUITests.debug.xcconfig */;
			buildSettings = {
				ALWAYS_EMBED_SWIFT_STANDARD_LIBRARIES = YES;
				CODE_SIGN_STYLE = Automatic;
				INFOPLIST_FILE = GoodListUITests/Info.plist;
				LD_RUNPATH_SEARCH_PATHS = (
					"$(inherited)",
					"@executable_path/Frameworks",
					"@loader_path/Frameworks",
				);
				PRODUCT_BUNDLE_IDENTIFIER = com.mahima.GoodListUITests;
				PRODUCT_NAME = "$(TARGET_NAME)";
				SWIFT_VERSION = 5.0;
				TARGETED_DEVICE_FAMILY = "1,2";
				TEST_TARGET_NAME = GoodList;
			};
			name = Debug;
		};
		D45C0E3624C49CD300C3C826 /* Release */ = {
			isa = XCBuildConfiguration;
			baseConfigurationReference = 5C8C135AEDC58AB551210A32 /* Pods-GoodList-GoodListUITests.release.xcconfig */;
			buildSettings = {
				ALWAYS_EMBED_SWIFT_STANDARD_LIBRARIES = YES;
				CODE_SIGN_STYLE = Automatic;
				INFOPLIST_FILE = GoodListUITests/Info.plist;
				LD_RUNPATH_SEARCH_PATHS = (
					"$(inherited)",
					"@executable_path/Frameworks",
					"@loader_path/Frameworks",
				);
				PRODUCT_BUNDLE_IDENTIFIER = com.mahima.GoodListUITests;
				PRODUCT_NAME = "$(TARGET_NAME)";
				SWIFT_VERSION = 5.0;
				TARGETED_DEVICE_FAMILY = "1,2";
				TEST_TARGET_NAME = GoodList;
			};
			name = Release;
		};
/* End XCBuildConfiguration section */

/* Begin XCConfigurationList section */
		D45C0DFC24C49CD200C3C826 /* Build configuration list for PBXProject "GoodList" */ = {
			isa = XCConfigurationList;
			buildConfigurations = (
				D45C0E2C24C49CD300C3C826 /* Debug */,
				D45C0E2D24C49CD300C3C826 /* Release */,
			);
			defaultConfigurationIsVisible = 0;
			defaultConfigurationName = Release;
		};
		D45C0E2E24C49CD300C3C826 /* Build configuration list for PBXNativeTarget "GoodList" */ = {
			isa = XCConfigurationList;
			buildConfigurations = (
				D45C0E2F24C49CD300C3C826 /* Debug */,
				D45C0E3024C49CD300C3C826 /* Release */,
			);
			defaultConfigurationIsVisible = 0;
			defaultConfigurationName = Release;
		};
		D45C0E3124C49CD300C3C826 /* Build configuration list for PBXNativeTarget "GoodListTests" */ = {
			isa = XCConfigurationList;
			buildConfigurations = (
				D45C0E3224C49CD300C3C826 /* Debug */,
				D45C0E3324C49CD300C3C826 /* Release */,
			);
			defaultConfigurationIsVisible = 0;
			defaultConfigurationName = Release;
		};
		D45C0E3424C49CD300C3C826 /* Build configuration list for PBXNativeTarget "GoodListUITests" */ = {
			isa = XCConfigurationList;
			buildConfigurations = (
				D45C0E3524C49CD300C3C826 /* Debug */,
				D45C0E3624C49CD300C3C826 /* Release */,
			);
			defaultConfigurationIsVisible = 0;
			defaultConfigurationName = Release;
		};
/* End XCConfigurationList section */

/* Begin XCVersionGroup section */
		D45C0E0D24C49CD200C3C826 /* GoodList.xcdatamodeld */ = {
			isa = XCVersionGroup;
			children = (
				D45C0E0E24C49CD200C3C826 /* GoodList.xcdatamodel */,
			);
			currentVersion = D45C0E0E24C49CD200C3C826 /* GoodList.xcdatamodel */;
			path = GoodList.xcdatamodeld;
			sourceTree = "<group>";
			versionGroupType = wrapper.xcdatamodel;
		};
/* End XCVersionGroup section */
	};
	rootObject = D45C0DF924C49CD200C3C826 /* Project object */;
}
